// !$*UTF8*$!
{
	archiveVersion = 1;
	classes = {
	};
	objectVersion = 46;
	objects = {

/* Begin PBXBuildFile section */
		E62A83171889CF7600377546 /* CardGameCardMatchingGame.m in Sources */ = {isa = PBXBuildFile; fileRef = E62A83161889CF7600377546 /* CardGameCardMatchingGame.m */; };
		E62B313318849FBF00570656 /* CardGameCard.m in Sources */ = {isa = PBXBuildFile; fileRef = E62B312C18849FBF00570656 /* CardGameCard.m */; };
		E62B313418849FBF00570656 /* CardGameDeck.m in Sources */ = {isa = PBXBuildFile; fileRef = E62B312E18849FBF00570656 /* CardGameDeck.m */; };
		E62B313518849FBF00570656 /* CardGamePlayingCard.m in Sources */ = {isa = PBXBuildFile; fileRef = E62B313018849FBF00570656 /* CardGamePlayingCard.m */; };
		E62B313618849FBF00570656 /* CardGamePlayingCardDeck.m in Sources */ = {isa = PBXBuildFile; fileRef = E62B313218849FBF00570656 /* CardGamePlayingCardDeck.m */; };
		E6CC41901884862F005CF0AF /* Foundation.framework in Frameworks */ = {isa = PBXBuildFile; fileRef = E6CC418F1884862F005CF0AF /* Foundation.framework */; };
		E6CC41921884862F005CF0AF /* CoreGraphics.framework in Frameworks */ = {isa = PBXBuildFile; fileRef = E6CC41911884862F005CF0AF /* CoreGraphics.framework */; };
		E6CC41941884862F005CF0AF /* UIKit.framework in Frameworks */ = {isa = PBXBuildFile; fileRef = E6CC41931884862F005CF0AF /* UIKit.framework */; };
		E6CC419A1884862F005CF0AF /* InfoPlist.strings in Resources */ = {isa = PBXBuildFile; fileRef = E6CC41981884862F005CF0AF /* InfoPlist.strings */; };
		E6CC419C1884862F005CF0AF /* main.m in Sources */ = {isa = PBXBuildFile; fileRef = E6CC419B1884862F005CF0AF /* main.m */; };
		E6CC41A01884862F005CF0AF /* CardGameAppDelegate.m in Sources */ = {isa = PBXBuildFile; fileRef = E6CC419F1884862F005CF0AF /* CardGameAppDelegate.m */; };
		E6CC41A31884862F005CF0AF /* Main.storyboard in Resources */ = {isa = PBXBuildFile; fileRef = E6CC41A11884862F005CF0AF /* Main.storyboard */; };
		E6CC41A61884862F005CF0AF /* CardGameViewController.m in Sources */ = {isa = PBXBuildFile; fileRef = E6CC41A51884862F005CF0AF /* CardGameViewController.m */; };
		E6CC41A81884862F005CF0AF /* Images.xcassets in Resources */ = {isa = PBXBuildFile; fileRef = E6CC41A71884862F005CF0AF /* Images.xcassets */; };
		E6CC41AF1884862F005CF0AF /* XCTest.framework in Frameworks */ = {isa = PBXBuildFile; fileRef = E6CC41AE1884862F005CF0AF /* XCTest.framework */; };
		E6CC41B01884862F005CF0AF /* Foundation.framework in Frameworks */ = {isa = PBXBuildFile; fileRef = E6CC418F1884862F005CF0AF /* Foundation.framework */; };
		E6CC41B11884862F005CF0AF /* UIKit.framework in Frameworks */ = {isa = PBXBuildFile; fileRef = E6CC41931884862F005CF0AF /* UIKit.framework */; };
		E6CC41B91884862F005CF0AF /* InfoPlist.strings in Resources */ = {isa = PBXBuildFile; fileRef = E6CC41B71884862F005CF0AF /* InfoPlist.strings */; };
		E6CC41BB1884862F005CF0AF /* CardGameTests.m in Sources */ = {isa = PBXBuildFile; fileRef = E6CC41BA1884862F005CF0AF /* CardGameTests.m */; };
/* End PBXBuildFile section */

/* Begin PBXContainerItemProxy section */
		E6CC41B21884862F005CF0AF /* PBXContainerItemProxy */ = {
			isa = PBXContainerItemProxy;
			containerPortal = E6CC41841884862F005CF0AF /* Project object */;
			proxyType = 1;
			remoteGlobalIDString = E6CC418B1884862F005CF0AF;
			remoteInfo = CardGame;
		};
/* End PBXContainerItemProxy section */

/* Begin PBXFileReference section */
		E62A83151889CF7600377546 /* CardGameCardMatchingGame.h */ = {isa = PBXFileReference; fileEncoding = 4; lastKnownFileType = sourcecode.c.h; path = CardGameCardMatchingGame.h; sourceTree = "<group>"; };
		E62A83161889CF7600377546 /* CardGameCardMatchingGame.m */ = {isa = PBXFileReference; fileEncoding = 4; lastKnownFileType = sourcecode.c.objc; path = CardGameCardMatchingGame.m; sourceTree = "<group>"; };
		E62B312B18849FBF00570656 /* CardGameCard.h */ = {isa = PBXFileReference; fileEncoding = 4; lastKnownFileType = sourcecode.c.h; path = CardGameCard.h; sourceTree = "<group>"; };
		E62B312C18849FBF00570656 /* CardGameCard.m */ = {isa = PBXFileReference; fileEncoding = 4; lastKnownFileType = sourcecode.c.objc; path = CardGameCard.m; sourceTree = "<group>"; };
		E62B312D18849FBF00570656 /* CardGameDeck.h */ = {isa = PBXFileReference; fileEncoding = 4; lastKnownFileType = sourcecode.c.h; path = CardGameDeck.h; sourceTree = "<group>"; };
		E62B312E18849FBF00570656 /* CardGameDeck.m */ = {isa = PBXFileReference; fileEncoding = 4; lastKnownFileType = sourcecode.c.objc; path = CardGameDeck.m; sourceTree = "<group>"; };
		E62B312F18849FBF00570656 /* CardGamePlayingCard.h */ = {isa = PBXFileReference; fileEncoding = 4; lastKnownFileType = sourcecode.c.h; path = CardGamePlayingCard.h; sourceTree = "<group>"; };
		E62B313018849FBF00570656 /* CardGamePlayingCard.m */ = {isa = PBXFileReference; fileEncoding = 4; lastKnownFileType = sourcecode.c.objc; path = CardGamePlayingCard.m; sourceTree = "<group>"; };
		E62B313118849FBF00570656 /* CardGamePlayingCardDeck.h */ = {isa = PBXFileReference; fileEncoding = 4; lastKnownFileType = sourcecode.c.h; path = CardGamePlayingCardDeck.h; sourceTree = "<group>"; };
		E62B313218849FBF00570656 /* CardGamePlayingCardDeck.m */ = {isa = PBXFileReference; fileEncoding = 4; lastKnownFileType = sourcecode.c.objc; path = CardGamePlayingCardDeck.m; sourceTree = "<group>"; };
		E6CC418C1884862F005CF0AF /* CardGame.app */ = {isa = PBXFileReference; explicitFileType = wrapper.application; includeInIndex = 0; path = CardGame.app; sourceTree = BUILT_PRODUCTS_DIR; };
		E6CC418F1884862F005CF0AF /* Foundation.framework */ = {isa = PBXFileReference; lastKnownFileType = wrapper.framework; name = Foundation.framework; path = System/Library/Frameworks/Foundation.framework; sourceTree = SDKROOT; };
		E6CC41911884862F005CF0AF /* CoreGraphics.framework */ = {isa = PBXFileReference; lastKnownFileType = wrapper.framework; name = CoreGraphics.framework; path = System/Library/Frameworks/CoreGraphics.framework; sourceTree = SDKROOT; };
		E6CC41931884862F005CF0AF /* UIKit.framework */ = {isa = PBXFileReference; lastKnownFileType = wrapper.framework; name = UIKit.framework; path = System/Library/Frameworks/UIKit.framework; sourceTree = SDKROOT; };
		E6CC41971884862F005CF0AF /* CardGame-Info.plist */ = {isa = PBXFileReference; lastKnownFileType = text.plist.xml; path = "CardGame-Info.plist"; sourceTree = "<group>"; };
		E6CC41991884862F005CF0AF /* en */ = {isa = PBXFileReference; lastKnownFileType = text.plist.strings; name = en; path = en.lproj/InfoPlist.strings; sourceTree = "<group>"; };
		E6CC419B1884862F005CF0AF /* main.m */ = {isa = PBXFileReference; lastKnownFileType = sourcecode.c.objc; path = main.m; sourceTree = "<group>"; };
		E6CC419D1884862F005CF0AF /* CardGame-Prefix.pch */ = {isa = PBXFileReference; lastKnownFileType = sourcecode.c.h; path = "CardGame-Prefix.pch"; sourceTree = "<group>"; };
		E6CC419E1884862F005CF0AF /* CardGameAppDelegate.h */ = {isa = PBXFileReference; lastKnownFileType = sourcecode.c.h; path = CardGameAppDelegate.h; sourceTree = "<group>"; };
		E6CC419F1884862F005CF0AF /* CardGameAppDelegate.m */ = {isa = PBXFileReference; lastKnownFileType = sourcecode.c.objc; path = CardGameAppDelegate.m; sourceTree = "<group>"; };
		E6CC41A21884862F005CF0AF /* Base */ = {isa = PBXFileReference; lastKnownFileType = file.storyboard; name = Base; path = Base.lproj/Main.storyboard; sourceTree = "<group>"; };
		E6CC41A41884862F005CF0AF /* CardGameViewController.h */ = {isa = PBXFileReference; lastKnownFileType = sourcecode.c.h; path = CardGameViewController.h; sourceTree = "<group>"; };
		E6CC41A51884862F005CF0AF /* CardGameViewController.m */ = {isa = PBXFileReference; lastKnownFileType = sourcecode.c.objc; path = CardGameViewController.m; sourceTree = "<group>"; };
		E6CC41A71884862F005CF0AF /* Images.xcassets */ = {isa = PBXFileReference; lastKnownFileType = folder.assetcatalog; path = Images.xcassets; sourceTree = "<group>"; };
		E6CC41AD1884862F005CF0AF /* CardGameTests.xctest */ = {isa = PBXFileReference; explicitFileType = wrapper.cfbundle; includeInIndex = 0; path = CardGameTests.xctest; sourceTree = BUILT_PRODUCTS_DIR; };
		E6CC41AE1884862F005CF0AF /* XCTest.framework */ = {isa = PBXFileReference; lastKnownFileType = wrapper.framework; name = XCTest.framework; path = Library/Frameworks/XCTest.framework; sourceTree = DEVELOPER_DIR; };
		E6CC41B61884862F005CF0AF /* CardGameTests-Info.plist */ = {isa = PBXFileReference; lastKnownFileType = text.plist.xml; path = "CardGameTests-Info.plist"; sourceTree = "<group>"; };
		E6CC41B81884862F005CF0AF /* en */ = {isa = PBXFileReference; lastKnownFileType = text.plist.strings; name = en; path = en.lproj/InfoPlist.strings; sourceTree = "<group>"; };
		E6CC41BA1884862F005CF0AF /* CardGameTests.m */ = {isa = PBXFileReference; lastKnownFileType = sourcecode.c.objc; path = CardGameTests.m; sourceTree = "<group>"; };
/* End PBXFileReference section */

/* Begin PBXFrameworksBuildPhase section */
		E6CC41891884862F005CF0AF /* Frameworks */ = {
			isa = PBXFrameworksBuildPhase;
			buildActionMask = 2147483647;
			files = (
				E6CC41921884862F005CF0AF /* CoreGraphics.framework in Frameworks */,
				E6CC41941884862F005CF0AF /* UIKit.framework in Frameworks */,
				E6CC41901884862F005CF0AF /* Foundation.framework in Frameworks */,
			);
			runOnlyForDeploymentPostprocessing = 0;
		};
		E6CC41AA1884862F005CF0AF /* Frameworks */ = {
			isa = PBXFrameworksBuildPhase;
			buildActionMask = 2147483647;
			files = (
				E6CC41AF1884862F005CF0AF /* XCTest.framework in Frameworks */,
				E6CC41B11884862F005CF0AF /* UIKit.framework in Frameworks */,
				E6CC41B01884862F005CF0AF /* Foundation.framework in Frameworks */,
			);
			runOnlyForDeploymentPostprocessing = 0;
		};
/* End PBXFrameworksBuildPhase section */

/* Begin PBXGroup section */
		E6CC41831884862F005CF0AF = {
			isa = PBXGroup;
			children = (
				E6CC41951884862F005CF0AF /* CardGame */,
				E6CC41B41884862F005CF0AF /* CardGameTests */,
				E6CC418E1884862F005CF0AF /* Frameworks */,
				E6CC418D1884862F005CF0AF /* Products */,
			);
			sourceTree = "<group>";
		};
		E6CC418D1884862F005CF0AF /* Products */ = {
			isa = PBXGroup;
			children = (
				E6CC418C1884862F005CF0AF /* CardGame.app */,
				E6CC41AD1884862F005CF0AF /* CardGameTests.xctest */,
			);
			name = Products;
			sourceTree = "<group>";
		};
		E6CC418E1884862F005CF0AF /* Frameworks */ = {
			isa = PBXGroup;
			children = (
				E6CC418F1884862F005CF0AF /* Foundation.framework */,
				E6CC41911884862F005CF0AF /* CoreGraphics.framework */,
				E6CC41931884862F005CF0AF /* UIKit.framework */,
				E6CC41AE1884862F005CF0AF /* XCTest.framework */,
			);
			name = Frameworks;
			sourceTree = "<group>";
		};
		E6CC41951884862F005CF0AF /* CardGame */ = {
			isa = PBXGroup;
			children = (
				E62B312B18849FBF00570656 /* CardGameCard.h */,
				E62B312C18849FBF00570656 /* CardGameCard.m */,
				E62B312D18849FBF00570656 /* CardGameDeck.h */,
				E62B312E18849FBF00570656 /* CardGameDeck.m */,
				E62B312F18849FBF00570656 /* CardGamePlayingCard.h */,
				E62B313018849FBF00570656 /* CardGamePlayingCard.m */,
				E62B313118849FBF00570656 /* CardGamePlayingCardDeck.h */,
				E62B313218849FBF00570656 /* CardGamePlayingCardDeck.m */,
				E6CC419E1884862F005CF0AF /* CardGameAppDelegate.h */,
				E6CC419F1884862F005CF0AF /* CardGameAppDelegate.m */,
				E6CC41A11884862F005CF0AF /* Main.storyboard */,
				E6CC41A41884862F005CF0AF /* CardGameViewController.h */,
				E6CC41A51884862F005CF0AF /* CardGameViewController.m */,
				E62A83151889CF7600377546 /* CardGameCardMatchingGame.h */,
				E62A83161889CF7600377546 /* CardGameCardMatchingGame.m */,
				E6CC41A71884862F005CF0AF /* Images.xcassets */,
				E6CC41961884862F005CF0AF /* Supporting Files */,
			);
			path = CardGame;
			sourceTree = "<group>";
		};
		E6CC41961884862F005CF0AF /* Supporting Files */ = {
			isa = PBXGroup;
			children = (
				E6CC41971884862F005CF0AF /* CardGame-Info.plist */,
				E6CC41981884862F005CF0AF /* InfoPlist.strings */,
				E6CC419B1884862F005CF0AF /* main.m */,
				E6CC419D1884862F005CF0AF /* CardGame-Prefix.pch */,
			);
			name = "Supporting Files";
			sourceTree = "<group>";
		};
		E6CC41B41884862F005CF0AF /* CardGameTests */ = {
			isa = PBXGroup;
			children = (
				E6CC41BA1884862F005CF0AF /* CardGameTests.m */,
				E6CC41B51884862F005CF0AF /* Supporting Files */,
			);
			path = CardGameTests;
			sourceTree = "<group>";
		};
		E6CC41B51884862F005CF0AF /* Supporting Files */ = {
			isa = PBXGroup;
			children = (
				E6CC41B61884862F005CF0AF /* CardGameTests-Info.plist */,
				E6CC41B71884862F005CF0AF /* InfoPlist.strings */,
			);
			name = "Supporting Files";
			sourceTree = "<group>";
		};
/* End PBXGroup section */

/* Begin PBXNativeTarget section */
		E6CC418B1884862F005CF0AF /* CardGame */ = {
			isa = PBXNativeTarget;
			buildConfigurationList = E6CC41BE1884862F005CF0AF /* Build configuration list for PBXNativeTarget "CardGame" */;
			buildPhases = (
				E6CC41881884862F005CF0AF /* Sources */,
				E6CC41891884862F005CF0AF /* Frameworks */,
				E6CC418A1884862F005CF0AF /* Resources */,
			);
			buildRules = (
			);
			dependencies = (
			);
			name = CardGame;
			productName = CardGame;
			productReference = E6CC418C1884862F005CF0AF /* CardGame.app */;
			productType = "com.apple.product-type.application";
		};
		E6CC41AC1884862F005CF0AF /* CardGameTests */ = {
			isa = PBXNativeTarget;
			buildConfigurationList = E6CC41C11884862F005CF0AF /* Build configuration list for PBXNativeTarget "CardGameTests" */;
			buildPhases = (
				E6CC41A91884862F005CF0AF /* Sources */,
				E6CC41AA1884862F005CF0AF /* Frameworks */,
				E6CC41AB1884862F005CF0AF /* Resources */,
			);
			buildRules = (
			);
			dependencies = (
				E6CC41B31884862F005CF0AF /* PBXTargetDependency */,
			);
			name = CardGameTests;
			productName = CardGameTests;
			productReference = E6CC41AD1884862F005CF0AF /* CardGameTests.xctest */;
			productType = "com.apple.product-type.bundle.unit-test";
		};
/* End PBXNativeTarget section */

/* Begin PBXProject section */
		E6CC41841884862F005CF0AF /* Project object */ = {
			isa = PBXProject;
			attributes = {
				CLASSPREFIX = CardGame;
				LastUpgradeCheck = 0500;
				ORGANIZATIONNAME = Laura;
				TargetAttributes = {
					E6CC41AC1884862F005CF0AF = {
						TestTargetID = E6CC418B1884862F005CF0AF;
					};
				};
			};
			buildConfigurationList = E6CC41871884862F005CF0AF /* Build configuration list for PBXProject "CardGame" */;
			compatibilityVersion = "Xcode 3.2";
			developmentRegion = English;
			hasScannedForEncodings = 0;
			knownRegions = (
				en,
				Base,
			);
			mainGroup = E6CC41831884862F005CF0AF;
			productRefGroup = E6CC418D1884862F005CF0AF /* Products */;
			projectDirPath = "";
			projectRoot = "";
			targets = (
				E6CC418B1884862F005CF0AF /* CardGame */,
				E6CC41AC1884862F005CF0AF /* CardGameTests */,
			);
		};
/* End PBXProject section */

/* Begin PBXResourcesBuildPhase section */
		E6CC418A1884862F005CF0AF /* Resources */ = {
			isa = PBXResourcesBuildPhase;
			buildActionMask = 2147483647;
			files = (
				E6CC41A81884862F005CF0AF /* Images.xcassets in Resources */,
				E6CC419A1884862F005CF0AF /* InfoPlist.strings in Resources */,
				E6CC41A31884862F005CF0AF /* Main.storyboard in Resources */,
			);
			runOnlyForDeploymentPostprocessing = 0;
		};
		E6CC41AB1884862F005CF0AF /* Resources */ = {
			isa = PBXResourcesBuildPhase;
			buildActionMask = 2147483647;
			files = (
				E6CC41B91884862F005CF0AF /* InfoPlist.strings in Resources */,
			);
			runOnlyForDeploymentPostprocessing = 0;
		};
/* End PBXResourcesBuildPhase section */

/* Begin PBXSourcesBuildPhase section */
		E6CC41881884862F005CF0AF /* Sources */ = {
			isa = PBXSourcesBuildPhase;
			buildActionMask = 2147483647;
			files = (
				E62A83171889CF7600377546 /* CardGameCardMatchingGame.m in Sources */,
				E6CC41A01884862F005CF0AF /* CardGameAppDelegate.m in Sources */,
				E62B313618849FBF00570656 /* CardGamePlayingCardDeck.m in Sources */,
				E6CC41A61884862F005CF0AF /* CardGameViewController.m in Sources */,
				E6CC419C1884862F005CF0AF /* main.m in Sources */,
				E62B313318849FBF00570656 /* CardGameCard.m in Sources */,
				E62B313518849FBF00570656 /* CardGamePlayingCard.m in Sources */,
				E62B313418849FBF00570656 /* CardGameDeck.m in Sources */,
			);
			runOnlyForDeploymentPostprocessing = 0;
		};
		E6CC41A91884862F005CF0AF /* Sources */ = {
			isa = PBXSourcesBuildPhase;
			buildActionMask = 2147483647;
			files = (
				E6CC41BB1884862F005CF0AF /* CardGameTests.m in Sources */,
			);
			runOnlyForDeploymentPostprocessing = 0;
		};
/* End PBXSourcesBuildPhase section */

/* Begin PBXTargetDependency section */
		E6CC41B31884862F005CF0AF /* PBXTargetDependency */ = {
			isa = PBXTargetDependency;
			target = E6CC418B1884862F005CF0AF /* CardGame */;
			targetProxy = E6CC41B21884862F005CF0AF /* PBXContainerItemProxy */;
		};
/* End PBXTargetDependency section */

/* Begin PBXVariantGroup section */
		E6CC41981884862F005CF0AF /* InfoPlist.strings */ = {
			isa = PBXVariantGroup;
			children = (
				E6CC41991884862F005CF0AF /* en */,
			);
			name = InfoPlist.strings;
			sourceTree = "<group>";
		};
		E6CC41A11884862F005CF0AF /* Main.storyboard */ = {
			isa = PBXVariantGroup;
			children = (
				E6CC41A21884862F005CF0AF /* Base */,
			);
			name = Main.storyboard;
			sourceTree = "<group>";
		};
		E6CC41B71884862F005CF0AF /* InfoPlist.strings */ = {
			isa = PBXVariantGroup;
			children = (
				E6CC41B81884862F005CF0AF /* en */,
			);
			name = InfoPlist.strings;
			sourceTree = "<group>";
		};
/* End PBXVariantGroup section */

/* Begin XCBuildConfiguration section */
		E6CC41BC1884862F005CF0AF /* Debug */ = {
			isa = XCBuildConfiguration;
			buildSettings = {
				ALWAYS_SEARCH_USER_PATHS = NO;
				ARCHS = "$(ARCHS_STANDARD_INCLUDING_64_BIT)";
				CLANG_CXX_LANGUAGE_STANDARD = "gnu++0x";
				CLANG_CXX_LIBRARY = "libc++";
				CLANG_ENABLE_MODULES = YES;
				CLANG_ENABLE_OBJC_ARC = YES;
				CLANG_WARN_BOOL_CONVERSION = YES;
				CLANG_WARN_CONSTANT_CONVERSION = YES;
				CLANG_WARN_DIRECT_OBJC_ISA_USAGE = YES_ERROR;
				CLANG_WARN_EMPTY_BODY = YES;
				CLANG_WARN_ENUM_CONVERSION = YES;
				CLANG_WARN_INT_CONVERSION = YES;
				CLANG_WARN_OBJC_ROOT_CLASS = YES_ERROR;
				CLANG_WARN__DUPLICATE_METHOD_MATCH = YES;
				"CODE_SIGN_IDENTITY[sdk=iphoneos*]" = "iPhone Developer";
				COPY_PHASE_STRIP = NO;
				GCC_C_LANGUAGE_STANDARD = gnu99;
				GCC_DYNAMIC_NO_PIC = NO;
				GCC_OPTIMIZATION_LEVEL = 0;
				GCC_PREPROCESSOR_DEFINITIONS = (
					"DEBUG=1",
					"$(inherited)",
				);
				GCC_SYMBOLS_PRIVATE_EXTERN = NO;
				GCC_WARN_64_TO_32_BIT_CONVERSION = YES;
				GCC_WARN_ABOUT_RETURN_TYPE = YES_ERROR;
				GCC_WARN_UNDECLARED_SELECTOR = YES;
				GCC_WARN_UNINITIALIZED_AUTOS = YES;
				GCC_WARN_UNUSED_FUNCTION = YES;
				GCC_WARN_UNUSED_VARIABLE = YES;
				IPHONEOS_DEPLOYMENT_TARGET = 7.0;
				ONLY_ACTIVE_ARCH = YES;
				SDKROOT = iphoneos;
			};
			name = Debug;
		};
		E6CC41BD1884862F005CF0AF /* Release */ = {
			isa = XCBuildConfiguration;
			buildSettings = {
				ALWAYS_SEARCH_USER_PATHS = NO;
				ARCHS = "$(ARCHS_STANDARD_INCLUDING_64_BIT)";
				CLANG_CXX_LANGUAGE_STANDARD = "gnu++0x";
				CLANG_CXX_LIBRARY = "libc++";
				CLANG_ENABLE_MODULES = YES;
				CLANG_ENABLE_OBJC_ARC = YES;
				CLANG_WARN_BOOL_CONVERSION = YES;
				CLANG_WARN_CONSTANT_CONVERSION = YES;
				CLANG_WARN_DIRECT_OBJC_ISA_USAGE = YES_ERROR;
				CLANG_WARN_EMPTY_BODY = YES;
				CLANG_WARN_ENUM_CONVERSION = YES;
				CLANG_WARN_INT_CONVERSION = YES;
				CLANG_WARN_OBJC_ROOT_CLASS = YES_ERROR;
				CLANG_WARN__DUPLICATE_METHOD_MATCH = YES;
				"CODE_SIGN_IDENTITY[sdk=iphoneos*]" = "iPhone Developer";
				COPY_PHASE_STRIP = YES;
				ENABLE_NS_ASSERTIONS = NO;
				GCC_C_LANGUAGE_STANDARD = gnu99;
				GCC_WARN_64_TO_32_BIT_CONVERSION = YES;
				GCC_WARN_ABOUT_RETURN_TYPE = YES_ERROR;
				GCC_WARN_UNDECLARED_SELECTOR = YES;
				GCC_WARN_UNINITIALIZED_AUTOS = YES;
				GCC_WARN_UNUSED_FUNCTION = YES;
				GCC_WARN_UNUSED_VARIABLE = YES;
				IPHONEOS_DEPLOYMENT_TARGET = 7.0;
				SDKROOT = iphoneos;
				VALIDATE_PRODUCT = YES;
			};
			name = Release;
		};
		E6CC41BF1884862F005CF0AF /* Debug */ = {
			isa = XCBuildConfiguration;
			buildSettings = {
				ASSETCATALOG_COMPILER_APPICON_NAME = AppIcon;
				ASSETCATALOG_COMPILER_LAUNCHIMAGE_NAME = LaunchImage;
				GCC_PRECOMPILE_PREFIX_HEADER = YES;
				GCC_PREFIX_HEADER = "CardGame/CardGame-Prefix.pch";
				INFOPLIST_FILE = "CardGame/CardGame-Info.plist";
				PRODUCT_NAME = "$(TARGET_NAME)";
				WRAPPER_EXTENSION = app;
			};
			name = Debug;
		};
		E6CC41C01884862F005CF0AF /* Release */ = {
			isa = XCBuildConfiguration;
			buildSettings = {
				ASSETCATALOG_COMPILER_APPICON_NAME = AppIcon;
				ASSETCATALOG_COMPILER_LAUNCHIMAGE_NAME = LaunchImage;
				GCC_PRECOMPILE_PREFIX_HEADER = YES;
				GCC_PREFIX_HEADER = "CardGame/CardGame-Prefix.pch";
				INFOPLIST_FILE = "CardGame/CardGame-Info.plist";
				PRODUCT_NAME = "$(TARGET_NAME)";
				WRAPPER_EXTENSION = app;
			};
			name = Release;
		};
		E6CC41C21884862F005CF0AF /* Debug */ = {
			isa = XCBuildConfiguration;
			buildSettings = {
				ARCHS = "$(ARCHS_STANDARD_INCLUDING_64_BIT)";
				BUNDLE_LOADER = "$(BUILT_PRODUCTS_DIR)/CardGame.app/CardGame";
				FRAMEWORK_SEARCH_PATHS = (
					"$(SDKROOT)/Developer/Library/Frameworks",
					"$(inherited)",
					"$(DEVELOPER_FRAMEWORKS_DIR)",
				);
				GCC_PRECOMPILE_PREFIX_HEADER = YES;
				GCC_PREFIX_HEADER = "CardGame/CardGame-Prefix.pch";
				GCC_PREPROCESSOR_DEFINITIONS = (
					"DEBUG=1",
					"$(inherited)",
				);
				INFOPLIST_FILE = "CardGameTests/CardGameTests-Info.plist";
				PRODUCT_NAME = "$(TARGET_NAME)";
				TEST_HOST = "$(BUNDLE_LOADER)";
				WRAPPER_EXTENSION = xctest;
			};
			name = Debug;
		};
		E6CC41C31884862F005CF0AF /* Release */ = {
			isa = XCBuildConfiguration;
			buildSettings = {
				ARCHS = "$(ARCHS_STANDARD_INCLUDING_64_BIT)";
				BUNDLE_LOADER = "$(BUILT_PRODUCTS_DIR)/CardGame.app/CardGame";
				FRAMEWORK_SEARCH_PATHS = (
					"$(SDKROOT)/Developer/Library/Frameworks",
					"$(inherited)",
					"$(DEVELOPER_FRAMEWORKS_DIR)",
				);
				GCC_PRECOMPILE_PREFIX_HEADER = YES;
				GCC_PREFIX_HEADER = "CardGame/CardGame-Prefix.pch";
				INFOPLIST_FILE = "CardGameTests/CardGameTests-Info.plist";
				PRODUCT_NAME = "$(TARGET_NAME)";
				TEST_HOST = "$(BUNDLE_LOADER)";
				WRAPPER_EXTENSION = xctest;
			};
			name = Release;
		};
/* End XCBuildConfiguration section */

/* Begin XCConfigurationList section */
		E6CC41871884862F005CF0AF /* Build configuration list for PBXProject "CardGame" */ = {
			isa = XCConfigurationList;
			buildConfigurations = (
				E6CC41BC1884862F005CF0AF /* Debug */,
				E6CC41BD1884862F005CF0AF /* Release */,
			);
			defaultConfigurationIsVisible = 0;
			defaultConfigurationName = Release;
		};
		E6CC41BE1884862F005CF0AF /* Build configuration list for PBXNativeTarget "CardGame" */ = {
			isa = XCConfigurationList;
			buildConfigurations = (
				E6CC41BF1884862F005CF0AF /* Debug */,
				E6CC41C01884862F005CF0AF /* Release */,
			);
			defaultConfigurationIsVisible = 0;
			defaultConfigurationName = Release;
		};
		E6CC41C11884862F005CF0AF /* Build configuration list for PBXNativeTarget "CardGameTests" */ = {
			isa = XCConfigurationList;
			buildConfigurations = (
				E6CC41C21884862F005CF0AF /* Debug */,
				E6CC41C31884862F005CF0AF /* Release */,
			);
			defaultConfigurationIsVisible = 0;
			defaultConfigurationName = Release;
		};
/* End XCConfigurationList section */
	};
	rootObject = E6CC41841884862F005CF0AF /* Project object */;
}
